
Microsoft Visual Studio Solution File, Format Version 12.00
# Visual Studio Version 17
VisualStudioVersion = 17.0.31903.59
MinimumVisualStudioVersion = 10.0.40219.1
Project("{FAE04EC0-301F-11D3-BF4B-00C04F79EFBC}") = "DevTrackR.ShippingOrders.API", "DevTrackR.ShippingOrders.API\DevTrackR.ShippingOrders.API.csproj", "{A1ABF26F-76F3-4032-B779-6DBD1C64290B}"
EndProject
Project("{FAE04EC0-301F-11D3-BF4B-00C04F79EFBC}") = "DevTrackR.ShippingOrders.Application", "DevTrackR.ShippingOrders.Application\DevTrackR.ShippingOrders.Application.csproj", "{C79D0C4F-F02F-42DE-8C69-99DEA16FEBE2}"
EndProject
Project("{FAE04EC0-301F-11D3-BF4B-00C04F79EFBC}") = "DevTrackR.ShippingOrders.Core", "DevTrackR.ShippingOrders.Core\DevTrackR.ShippingOrders.Core.csproj", "{BF1B52AF-B3ED-4E99-A65F-973D134685D4}"
EndProject
Project("{FAE04EC0-301F-11D3-BF4B-00C04F79EFBC}") = "DevTrackR.ShippingOrders.Infrasctructure", "DevTrackR.ShippingOrders.Infrasctructure\DevTrackR.ShippingOrders.Infrasctructure.csproj", "{AA3038E6-503E-40A8-A179-DE176F4221A7}"
EndProject
Global
	GlobalSection(SolutionConfigurationPlatforms) = preSolution
		Debug|Any CPU = Debug|Any CPU
		Release|Any CPU = Release|Any CPU
	EndGlobalSection
	GlobalSection(SolutionProperties) = preSolution
		HideSolutionNode = FALSE
	EndGlobalSection
	GlobalSection(ProjectConfigurationPlatforms) = postSolution
		{A1ABF26F-76F3-4032-B779-6DBD1C64290B}.Debug|Any CPU.ActiveCfg = Debug|Any CPU
		{A1ABF26F-76F3-4032-B779-6DBD1C64290B}.Debug|Any CPU.Build.0 = Debug|Any CPU
		{A1ABF26F-76F3-4032-B779-6DBD1C64290B}.Release|Any CPU.ActiveCfg = Release|Any CPU
		{A1ABF26F-76F3-4032-B779-6DBD1C64290B}.Release|Any CPU.Build.0 = Release|Any CPU
		{C79D0C4F-F02F-42DE-8C69-99DEA16FEBE2}.Debug|Any CPU.ActiveCfg = Debug|Any CPU
		{C79D0C4F-F02F-42DE-8C69-99DEA16FEBE2}.Debug|Any CPU.Build.0 = Debug|Any CPU
		{C79D0C4F-F02F-42DE-8C69-99DEA16FEBE2}.Release|Any CPU.ActiveCfg = Release|Any CPU
		{C79D0C4F-F02F-42DE-8C69-99DEA16FEBE2}.Release|Any CPU.Build.0 = Release|Any CPU
		{BF1B52AF-B3ED-4E99-A65F-973D134685D4}.Debug|Any CPU.ActiveCfg = Debug|Any CPU
		{BF1B52AF-B3ED-4E99-A65F-973D134685D4}.Debug|Any CPU.Build.0 = Debug|Any CPU
		{BF1B52AF-B3ED-4E99-A65F-973D134685D4}.Release|Any CPU.ActiveCfg = Release|Any CPU
		{BF1B52AF-B3ED-4E99-A65F-973D134685D4}.Release|Any CPU.Build.0 = Release|Any CPU
		{AA3038E6-503E-40A8-A179-DE176F4221A7}.Debug|Any CPU.ActiveCfg = Debug|Any CPU
		{AA3038E6-503E-40A8-A179-DE176F4221A7}.Debug|Any CPU.Build.0 = Debug|Any CPU
		{AA3038E6-503E-40A8-A179-DE176F4221A7}.Release|Any CPU.ActiveCfg = Release|Any CPU
		{AA3038E6-503E-40A8-A179-DE176F4221A7}.Release|Any CPU.Build.0 = Release|Any CPU
	EndGlobalSection
EndGlobal
